
Microsoft Visual Studio Solution File, Format Version 12.00
# Visual Studio Version 17
VisualStudioVersion = 17.11.35208.52
MinimumVisualStudioVersion = 10.0.40219.1
Project("{FAE04EC0-301F-11D3-BF4B-00C04F79EFBC}") = "InstutueWeb", "InstutueWeb\InstutueWeb.csproj", "{37683F5A-45DF-4FC6-A639-B954C6DE7EF9}"
EndProject
Global
	GlobalSection(SolutionConfigurationPlatforms) = preSolution
		Debug|Any CPU = Debug|Any CPU
		Release|Any CPU = Release|Any CPU
	EndGlobalSection
	GlobalSection(ProjectConfigurationPlatforms) = postSolution
		{37683F5A-45DF-4FC6-A639-B954C6DE7EF9}.Debug|Any CPU.ActiveCfg = Debug|Any CPU
		{37683F5A-45DF-4FC6-A639-B954C6DE7EF9}.Debug|Any CPU.Build.0 = Debug|Any CPU
		{37683F5A-45DF-4FC6-A639-B954C6DE7EF9}.Release|Any CPU.ActiveCfg = Release|Any CPU
		{37683F5A-45DF-4FC6-A639-B954C6DE7EF9}.Release|Any CPU.Build.0 = Release|Any CPU
	EndGlobalSection
	GlobalSection(SolutionProperties) = preSolution
		HideSolutionNode = FALSE
	EndGlobalSection
	GlobalSection(ExtensibilityGlobals) = postSolution
		SolutionGuid = {A0392575-2ECF-4853-8B9D-19423D3E021C}
	EndGlobalSection
EndGlobal
